{
  "object": {
    "pins": [
      {
        "package": "SwiftQueue",
        "repositoryURL": "https://github.com/Zehua-Chen/swift-queue.git",
        "state": {
          "branch": null,
          "revision": "036d79ddc0beabd73d95946f44f0a26563eb241e",
          "version": "0.2.1"
        }
      }
    ]
  },
  "version": 1
}
