{
  "object": {
    "pins": [
      {
        "package": "SwiftQueue",
        "repositoryURL": "https://github.com/Zehua-Chen/swift-queue.git",
        "state": {
          "branch": null,
          "revision": "73fa754a86eac8f2e7b15265a24f2eb512c3ccff",
          "version": "1.0.0"
        }
      }
    ]
  },
  "version": 1
}
